
Microsoft Visual Studio Solution File, Format Version 12.00
# Visual Studio 14
VisualStudioVersion = 14.0.25420.1
MinimumVisualStudioVersion = 10.0.40219.1
Project("{8BC9CEB8-8B4A-11D0-8D11-00A0C91BC942}") = "redak", "applications\windows\LIEPA\redak.vcxproj", "{76938B73-52FB-446B-84F2-F46678AB4E83}"
EndProject
Project("{8BC9CEB8-8B4A-11D0-8D11-00A0C91BC942}") = "LithUSS", "build\VS2015\LithUSS.vcxproj", "{B8A2DF32-C0A0-41AF-BB93-0B600F0271C3}"
EndProject
Project("{8BC9CEB8-8B4A-11D0-8D11-00A0C91BC942}") = "LithUSStest", "build\VS2015\LithUSStest.vcxproj", "{770F75F1-CBE5-4DDC-9964-31367AAE7812}"
EndProject
Project("{8BC9CEB8-8B4A-11D0-8D11-00A0C91BC942}") = "RateChange", "build\VS2015\RateChange.vcxproj", "{9141635A-819B-41CB-B7CE-7488ABCB2321}"
EndProject
Project("{8BC9CEB8-8B4A-11D0-8D11-00A0C91BC942}") = "TextNormalization", "build\VS2015\TextNormalization.vcxproj", "{FBAAE806-C348-4A4A-9880-40DEC6CEDF90}"
EndProject
Project("{8BC9CEB8-8B4A-11D0-8D11-00A0C91BC942}") = "transcrLUSS", "build\VS2015\transcrLUSS.vcxproj", "{ECE100D7-8F72-4714-A539-E3F37CB5ECE1}"
EndProject
Project("{8BC9CEB8-8B4A-11D0-8D11-00A0C91BC942}") = "UnitSelection", "build\VS2015\UnitSelection.vcxproj", "{BD8BB974-4C9D-499B-91F5-560BB7B05C25}"
EndProject
Global
	GlobalSection(SolutionConfigurationPlatforms) = preSolution
		Debug|x64 = Debug|x64
		Debug|x86 = Debug|x86
		Release|x64 = Release|x64
		Release|x86 = Release|x86
		Template|x64 = Template|x64
		Template|x86 = Template|x86
	EndGlobalSection
	GlobalSection(ProjectConfigurationPlatforms) = postSolution
		{76938B73-52FB-446B-84F2-F46678AB4E83}.Debug|x64.ActiveCfg = Debug|x64
		{76938B73-52FB-446B-84F2-F46678AB4E83}.Debug|x64.Build.0 = Debug|x64
		{76938B73-52FB-446B-84F2-F46678AB4E83}.Debug|x86.ActiveCfg = Debug|Win32
		{76938B73-52FB-446B-84F2-F46678AB4E83}.Debug|x86.Build.0 = Debug|Win32
		{76938B73-52FB-446B-84F2-F46678AB4E83}.Release|x64.ActiveCfg = Release|x64
		{76938B73-52FB-446B-84F2-F46678AB4E83}.Release|x64.Build.0 = Release|x64
		{76938B73-52FB-446B-84F2-F46678AB4E83}.Release|x86.ActiveCfg = Release|Win32
		{76938B73-52FB-446B-84F2-F46678AB4E83}.Release|x86.Build.0 = Release|Win32
		{76938B73-52FB-446B-84F2-F46678AB4E83}.Template|x64.ActiveCfg = Release|x64
		{76938B73-52FB-446B-84F2-F46678AB4E83}.Template|x64.Build.0 = Release|x64
		{76938B73-52FB-446B-84F2-F46678AB4E83}.Template|x86.ActiveCfg = Release|Win32
		{76938B73-52FB-446B-84F2-F46678AB4E83}.Template|x86.Build.0 = Release|Win32
		{B8A2DF32-C0A0-41AF-BB93-0B600F0271C3}.Debug|x64.ActiveCfg = Debug|x64
		{B8A2DF32-C0A0-41AF-BB93-0B600F0271C3}.Debug|x64.Build.0 = Debug|x64
		{B8A2DF32-C0A0-41AF-BB93-0B600F0271C3}.Debug|x86.ActiveCfg = Debug|Win32
		{B8A2DF32-C0A0-41AF-BB93-0B600F0271C3}.Debug|x86.Build.0 = Debug|Win32
		{B8A2DF32-C0A0-41AF-BB93-0B600F0271C3}.Release|x64.ActiveCfg = Release|x64
		{B8A2DF32-C0A0-41AF-BB93-0B600F0271C3}.Release|x64.Build.0 = Release|x64
		{B8A2DF32-C0A0-41AF-BB93-0B600F0271C3}.Release|x86.ActiveCfg = Release|Win32
		{B8A2DF32-C0A0-41AF-BB93-0B600F0271C3}.Release|x86.Build.0 = Release|Win32
		{B8A2DF32-C0A0-41AF-BB93-0B600F0271C3}.Template|x64.ActiveCfg = Template|x64
		{B8A2DF32-C0A0-41AF-BB93-0B600F0271C3}.Template|x64.Build.0 = Template|x64
		{B8A2DF32-C0A0-41AF-BB93-0B600F0271C3}.Template|x86.ActiveCfg = Template|Win32
		{B8A2DF32-C0A0-41AF-BB93-0B600F0271C3}.Template|x86.Build.0 = Template|Win32
		{770F75F1-CBE5-4DDC-9964-31367AAE7812}.Debug|x64.ActiveCfg = Debug|x64
		{770F75F1-CBE5-4DDC-9964-31367AAE7812}.Debug|x64.Build.0 = Debug|x64
		{770F75F1-CBE5-4DDC-9964-31367AAE7812}.Debug|x86.ActiveCfg = Debug|Win32
		{770F75F1-CBE5-4DDC-9964-31367AAE7812}.Debug|x86.Build.0 = Debug|Win32
		{770F75F1-CBE5-4DDC-9964-31367AAE7812}.Release|x64.ActiveCfg = Release|x64
		{770F75F1-CBE5-4DDC-9964-31367AAE7812}.Release|x64.Build.0 = Release|x64
		{770F75F1-CBE5-4DDC-9964-31367AAE7812}.Release|x86.ActiveCfg = Release|Win32
		{770F75F1-CBE5-4DDC-9964-31367AAE7812}.Release|x86.Build.0 = Release|Win32
		{770F75F1-CBE5-4DDC-9964-31367AAE7812}.Template|x64.ActiveCfg = Template|x64
		{770F75F1-CBE5-4DDC-9964-31367AAE7812}.Template|x64.Build.0 = Template|x64
		{770F75F1-CBE5-4DDC-9964-31367AAE7812}.Template|x86.ActiveCfg = Template|Win32
		{770F75F1-CBE5-4DDC-9964-31367AAE7812}.Template|x86.Build.0 = Template|Win32
		{9141635A-819B-41CB-B7CE-7488ABCB2321}.Debug|x64.ActiveCfg = Debug|x64
		{9141635A-819B-41CB-B7CE-7488ABCB2321}.Debug|x64.Build.0 = Debug|x64
		{9141635A-819B-41CB-B7CE-7488ABCB2321}.Debug|x86.ActiveCfg = Debug|Win32
		{9141635A-819B-41CB-B7CE-7488ABCB2321}.Debug|x86.Build.0 = Debug|Win32
		{9141635A-819B-41CB-B7CE-7488ABCB2321}.Release|x64.ActiveCfg = Release|x64
		{9141635A-819B-41CB-B7CE-7488ABCB2321}.Release|x64.Build.0 = Release|x64
		{9141635A-819B-41CB-B7CE-7488ABCB2321}.Release|x86.ActiveCfg = Release|Win32
		{9141635A-819B-41CB-B7CE-7488ABCB2321}.Release|x86.Build.0 = Release|Win32
		{9141635A-819B-41CB-B7CE-7488ABCB2321}.Template|x64.ActiveCfg = Template|x64
		{9141635A-819B-41CB-B7CE-7488ABCB2321}.Template|x64.Build.0 = Template|x64
		{9141635A-819B-41CB-B7CE-7488ABCB2321}.Template|x86.ActiveCfg = Template|Win32
		{9141635A-819B-41CB-B7CE-7488ABCB2321}.Template|x86.Build.0 = Template|Win32
		{FBAAE806-C348-4A4A-9880-40DEC6CEDF90}.Debug|x64.ActiveCfg = Debug|x64
		{FBAAE806-C348-4A4A-9880-40DEC6CEDF90}.Debug|x64.Build.0 = Debug|x64
		{FBAAE806-C348-4A4A-9880-40DEC6CEDF90}.Debug|x86.ActiveCfg = Debug|Win32
		{FBAAE806-C348-4A4A-9880-40DEC6CEDF90}.Debug|x86.Build.0 = Debug|Win32
		{FBAAE806-C348-4A4A-9880-40DEC6CEDF90}.Release|x64.ActiveCfg = Release|x64
		{FBAAE806-C348-4A4A-9880-40DEC6CEDF90}.Release|x64.Build.0 = Release|x64
		{FBAAE806-C348-4A4A-9880-40DEC6CEDF90}.Release|x86.ActiveCfg = Release|Win32
		{FBAAE806-C348-4A4A-9880-40DEC6CEDF90}.Release|x86.Build.0 = Release|Win32
		{FBAAE806-C348-4A4A-9880-40DEC6CEDF90}.Template|x64.ActiveCfg = Template|x64
		{FBAAE806-C348-4A4A-9880-40DEC6CEDF90}.Template|x64.Build.0 = Template|x64
		{FBAAE806-C348-4A4A-9880-40DEC6CEDF90}.Template|x86.ActiveCfg = Template|Win32
		{FBAAE806-C348-4A4A-9880-40DEC6CEDF90}.Template|x86.Build.0 = Template|Win32
		{ECE100D7-8F72-4714-A539-E3F37CB5ECE1}.Debug|x64.ActiveCfg = Debug|x64
		{ECE100D7-8F72-4714-A539-E3F37CB5ECE1}.Debug|x64.Build.0 = Debug|x64
		{ECE100D7-8F72-4714-A539-E3F37CB5ECE1}.Debug|x86.ActiveCfg = Debug|Win32
		{ECE100D7-8F72-4714-A539-E3F37CB5ECE1}.Debug|x86.Build.0 = Debug|Win32
		{ECE100D7-8F72-4714-A539-E3F37CB5ECE1}.Release|x64.ActiveCfg = Release|x64
		{ECE100D7-8F72-4714-A539-E3F37CB5ECE1}.Release|x64.Build.0 = Release|x64
		{ECE100D7-8F72-4714-A539-E3F37CB5ECE1}.Release|x86.ActiveCfg = Release|Win32
		{ECE100D7-8F72-4714-A539-E3F37CB5ECE1}.Release|x86.Build.0 = Release|Win32
		{ECE100D7-8F72-4714-A539-E3F37CB5ECE1}.Template|x64.ActiveCfg = Template|x64
		{ECE100D7-8F72-4714-A539-E3F37CB5ECE1}.Template|x64.Build.0 = Template|x64
		{ECE100D7-8F72-4714-A539-E3F37CB5ECE1}.Template|x86.ActiveCfg = Template|Win32
		{ECE100D7-8F72-4714-A539-E3F37CB5ECE1}.Template|x86.Build.0 = Template|Win32
		{BD8BB974-4C9D-499B-91F5-560BB7B05C25}.Debug|x64.ActiveCfg = Debug|x64
		{BD8BB974-4C9D-499B-91F5-560BB7B05C25}.Debug|x64.Build.0 = Debug|x64
		{BD8BB974-4C9D-499B-91F5-560BB7B05C25}.Debug|x86.ActiveCfg = Debug|Win32
		{BD8BB974-4C9D-499B-91F5-560BB7B05C25}.Debug|x86.Build.0 = Debug|Win32
		{BD8BB974-4C9D-499B-91F5-560BB7B05C25}.Release|x64.ActiveCfg = Release|x64
		{BD8BB974-4C9D-499B-91F5-560BB7B05C25}.Release|x64.Build.0 = Release|x64
		{BD8BB974-4C9D-499B-91F5-560BB7B05C25}.Release|x86.ActiveCfg = Release|Win32
		{BD8BB974-4C9D-499B-91F5-560BB7B05C25}.Release|x86.Build.0 = Release|Win32
		{BD8BB974-4C9D-499B-91F5-560BB7B05C25}.Template|x64.ActiveCfg = Template|x64
		{BD8BB974-4C9D-499B-91F5-560BB7B05C25}.Template|x64.Build.0 = Template|x64
		{BD8BB974-4C9D-499B-91F5-560BB7B05C25}.Template|x86.ActiveCfg = Template|Win32
		{BD8BB974-4C9D-499B-91F5-560BB7B05C25}.Template|x86.Build.0 = Template|Win32
	EndGlobalSection
	GlobalSection(SolutionProperties) = preSolution
		HideSolutionNode = FALSE
	EndGlobalSection
EndGlobal
