<?xml version="1.0" encoding="utf-8"?>
<Project ToolsVersion="4.0" xmlns="http://schemas.microsoft.com/developer/msbuild/2003">
  <ItemGroup>
    <Filter Include="Source Files">
      <UniqueIdentifier>{d2e6c112-6588-42e4-9f71-79b52a3b38fc}</UniqueIdentifier>
      <Extensions>cpp;c;cxx;rc;def;r;odl;idl;hpj;bat</Extensions>
    </Filter>
    <Filter Include="Header Files">
      <UniqueIdentifier>{d1e91afb-1a7a-43e3-847e-109001511759}</UniqueIdentifier>
      <Extensions>h;hpp;hxx;hm;inl</Extensions>
    </Filter>
    <Filter Include="Resource Files">
      <UniqueIdentifier>{ba34cec7-f112-4aa3-b06a-24796fa7d6b2}</UniqueIdentifier>
      <Extensions>ico;cur;bmp;dlg;rc2;rct;bin;rgs;gif;jpg;jpeg;jpe</Extensions>
    </Filter>
  </ItemGroup>
  <ItemGroup>
    <ClCompile Include="ArKirciuoti.cpp">
      <Filter>Source Files</Filter>
    </ClCompile>
    <ClCompile Include="fv2id.cpp">
      <Filter>Source Files</Filter>
    </ClCompile>
    <ClCompile Include="Kircdb.cpp">
      <Filter>Source Files</Filter>
    </ClCompile>
    <ClCompile Include="Skiemen.cpp">
      <Filter>Source Files</Filter>
    </ClCompile>
    <ClCompile Include="strtokf.cpp">
      <Filter>Source Files</Filter>
    </ClCompile>
    <ClCompile Include="transcrLUSS.cpp">
      <Filter>Source Files</Filter>
    </ClCompile>
    <ClCompile Include="Transkr.cpp">
      <Filter>Source Files</Filter>
    </ClCompile>
  </ItemGroup>
  <ItemGroup>
    <ClInclude Include="ArKirciuoti.h">
      <Filter>Header Files</Filter>
    </ClInclude>
    <ClInclude Include="db8r1_14.h">
      <Filter>Header Files</Filter>
    </ClInclude>
    <ClInclude Include="fv2id.h">
      <Filter>Header Files</Filter>
    </ClInclude>
    <ClInclude Include="Kircdb.h">
      <Filter>Header Files</Filter>
    </ClInclude>
    <ClInclude Include="LithUSS_Error.h">
      <Filter>Header Files</Filter>
    </ClInclude>
    <ClInclude Include="nb12.h">
      <Filter>Header Files</Filter>
    </ClInclude>
    <ClInclude Include="rezultC.h">
      <Filter>Header Files</Filter>
    </ClInclude>
    <ClInclude Include="Skiemen.h">
      <Filter>Header Files</Filter>
    </ClInclude>
    <ClInclude Include="Transkr.h">
      <Filter>Header Files</Filter>
    </ClInclude>
    <ClInclude Include="Vb9r1_13.h">
      <Filter>Header Files</Filter>
    </ClInclude>
    <ClInclude Include="vgal.h">
      <Filter>Header Files</Filter>
    </ClInclude>
    <ClInclude Include="transcrLUSS.h">
      <Filter>Header Files</Filter>
    </ClInclude>
  </ItemGroup>
  <ItemGroup>
    <Text Include="ReadMe.txt" />
  </ItemGroup>
  <ItemGroup>
    <CustomBuild Include="transcrLUSS.def">
      <Filter>Source Files</Filter>
    </CustomBuild>
  </ItemGroup>
</Project>