<?xml version="1.0" encoding="utf-8"?>
<Project ToolsVersion="4.0" xmlns="http://schemas.microsoft.com/developer/msbuild/2003">
  <ItemGroup>
    <Filter Include="Source Files">
      <UniqueIdentifier>{258c4f9a-5273-4994-b575-b4086248a7ed}</UniqueIdentifier>
      <Extensions>cpp;c;cxx;rc;def;r;odl;idl;hpj;bat</Extensions>
    </Filter>
    <Filter Include="Header Files">
      <UniqueIdentifier>{33a781d2-b53b-4fe6-b28e-b563539904da}</UniqueIdentifier>
      <Extensions>h;hpp;hxx;hm;inl</Extensions>
    </Filter>
    <Filter Include="Resource Files">
      <UniqueIdentifier>{030ad27c-a6cd-4ccc-a468-5481f4b72e40}</UniqueIdentifier>
      <Extensions>ico;cur;bmp;dlg;rc2;rct;bin;rgs;gif;jpg;jpeg;jpe</Extensions>
    </Filter>
  </ItemGroup>
  <ItemGroup>
    <ClCompile Include="stringWithLetterPosition.cpp">
      <Filter>Source Files</Filter>
    </ClCompile>
    <ClCompile Include="TextNormalization.cpp">
      <Filter>Source Files</Filter>
    </ClCompile>
  </ItemGroup>
  <ItemGroup>
    <ClInclude Include="stringWithLetterPosition.h">
      <Filter>Header Files</Filter>
    </ClInclude>
    <ClInclude Include="TextNormalization.h">
      <Filter>Header Files</Filter>
    </ClInclude>
  </ItemGroup>
  <ItemGroup>
    <CustomBuild Include="TextNormalization.def">
      <Filter>Source Files</Filter>
    </CustomBuild>
  </ItemGroup>
</Project>